
Microsoft Visual Studio Solution File, Format Version 12.00
# Visual Studio Version 16
VisualStudioVersion = 16.0.30104.148
MinimumVisualStudioVersion = 10.0.40219.1
Project("{9A19103F-16F7-4668-BE54-9A1E7A4F7556}") = "RaceSpotLiveryAPI", "RaceSpotLiveryAPI\RaceSpotLiveryAPI.csproj", "{FB89CECE-6BFE-46D2-AB7A-7F83CC1A3687}"
EndProject
Global
	GlobalSection(SolutionConfigurationPlatforms) = preSolution
		Debug|Any CPU = Debug|Any CPU
		Release|Any CPU = Release|Any CPU
	EndGlobalSection
	GlobalSection(ProjectConfigurationPlatforms) = postSolution
		{FB89CECE-6BFE-46D2-AB7A-7F83CC1A3687}.Debug|Any CPU.ActiveCfg = Debug|Any CPU
		{FB89CECE-6BFE-46D2-AB7A-7F83CC1A3687}.Debug|Any CPU.Build.0 = Debug|Any CPU
		{FB89CECE-6BFE-46D2-AB7A-7F83CC1A3687}.Release|Any CPU.ActiveCfg = Release|Any CPU
		{FB89CECE-6BFE-46D2-AB7A-7F83CC1A3687}.Release|Any CPU.Build.0 = Release|Any CPU
	EndGlobalSection
	GlobalSection(SolutionProperties) = preSolution
		HideSolutionNode = FALSE
	EndGlobalSection
	GlobalSection(ExtensibilityGlobals) = postSolution
		SolutionGuid = {F46DD147-EDF5-462A-BC99-165F2682E94B}
	EndGlobalSection
EndGlobal
